
Microsoft Visual Studio Solution File, Format Version 12.00
# Visual Studio Version 16
VisualStudioVersion = 16.0.30128.74
MinimumVisualStudioVersion = 10.0.40219.1
Project("{9A19103F-16F7-4668-BE54-9A1E7A4F7556}") = "QuestStoreNAT.web", "QuestStoreNAT.web\QuestStoreNAT.web.csproj", "{3A61CF05-F149-40DF-A2AA-F174E4AAEAC8}"
EndProject
Project("{9A19103F-16F7-4668-BE54-9A1E7A4F7556}") = "QuestStoreNAT.web.Tests", "QuestStoreNAT.web.Tests\QuestStoreNAT.web.Tests.csproj", "{9A5A8037-8F6A-441D-976A-00E3C78E8912}"
EndProject
Project("{FAE04EC0-301F-11D3-BF4B-00C04F79EFBC}") = "EncryptionPassword", "EncryptionPassword\EncryptionPassword.csproj", "{974B225D-9584-4DD2-BD2A-4162653F2F2F}"
EndProject
Global
	GlobalSection(SolutionConfigurationPlatforms) = preSolution
		Debug|Any CPU = Debug|Any CPU
		Release|Any CPU = Release|Any CPU
	EndGlobalSection
	GlobalSection(ProjectConfigurationPlatforms) = postSolution
		{3A61CF05-F149-40DF-A2AA-F174E4AAEAC8}.Debug|Any CPU.ActiveCfg = Debug|Any CPU
		{3A61CF05-F149-40DF-A2AA-F174E4AAEAC8}.Debug|Any CPU.Build.0 = Debug|Any CPU
		{3A61CF05-F149-40DF-A2AA-F174E4AAEAC8}.Release|Any CPU.ActiveCfg = Release|Any CPU
		{3A61CF05-F149-40DF-A2AA-F174E4AAEAC8}.Release|Any CPU.Build.0 = Release|Any CPU
		{9A5A8037-8F6A-441D-976A-00E3C78E8912}.Debug|Any CPU.ActiveCfg = Debug|Any CPU
		{9A5A8037-8F6A-441D-976A-00E3C78E8912}.Debug|Any CPU.Build.0 = Debug|Any CPU
		{9A5A8037-8F6A-441D-976A-00E3C78E8912}.Release|Any CPU.ActiveCfg = Release|Any CPU
		{9A5A8037-8F6A-441D-976A-00E3C78E8912}.Release|Any CPU.Build.0 = Release|Any CPU
		{974B225D-9584-4DD2-BD2A-4162653F2F2F}.Debug|Any CPU.ActiveCfg = Debug|Any CPU
		{974B225D-9584-4DD2-BD2A-4162653F2F2F}.Debug|Any CPU.Build.0 = Debug|Any CPU
		{974B225D-9584-4DD2-BD2A-4162653F2F2F}.Release|Any CPU.ActiveCfg = Release|Any CPU
		{974B225D-9584-4DD2-BD2A-4162653F2F2F}.Release|Any CPU.Build.0 = Release|Any CPU
	EndGlobalSection
	GlobalSection(SolutionProperties) = preSolution
		HideSolutionNode = FALSE
	EndGlobalSection
	GlobalSection(ExtensibilityGlobals) = postSolution
		SolutionGuid = {97A7D446-74EE-4A32-9ACB-332023D133C1}
	EndGlobalSection
EndGlobal
